
Microsoft Visual Studio Solution File, Format Version 12.00
# Visual Studio Version 17
VisualStudioVersion = 17.10.35027.167
MinimumVisualStudioVersion = 10.0.40219.1
Project("{FAE04EC0-301F-11D3-BF4B-00C04F79EFBC}") = "MusicSchool", "MusicSchool\MusicSchool.csproj", "{BC977750-EE59-409B-B314-FFC9F63FE24D}"
EndProject
Global
	GlobalSection(SolutionConfigurationPlatforms) = preSolution
		Debug|Any CPU = Debug|Any CPU
		Release|Any CPU = Release|Any CPU
	EndGlobalSection
	GlobalSection(ProjectConfigurationPlatforms) = postSolution
		{BC977750-EE59-409B-B314-FFC9F63FE24D}.Debug|Any CPU.ActiveCfg = Debug|Any CPU
		{BC977750-EE59-409B-B314-FFC9F63FE24D}.Debug|Any CPU.Build.0 = Debug|Any CPU
		{BC977750-EE59-409B-B314-FFC9F63FE24D}.Release|Any CPU.ActiveCfg = Release|Any CPU
		{BC977750-EE59-409B-B314-FFC9F63FE24D}.Release|Any CPU.Build.0 = Release|Any CPU
	EndGlobalSection
	GlobalSection(SolutionProperties) = preSolution
		HideSolutionNode = FALSE
	EndGlobalSection
	GlobalSection(ExtensibilityGlobals) = postSolution
		SolutionGuid = {8D0C5779-16C3-4EA8-82D1-19F8E541F9E2}
	EndGlobalSection
EndGlobal
